
Microsoft Visual Studio Solution File, Format Version 12.00
# Visual Studio Version 16
VisualStudioVersion = 16.0.30413.136
MinimumVisualStudioVersion = 10.0.40219.1
Project("{FAE04EC0-301F-11D3-BF4B-00C04F79EFBC}") = "BlazorFullStack.Server", "BlazorFullStack\Server\BlazorFullStack.Server.csproj", "{2DA10186-9B86-4D53-890B-9A0364864BAF}"
EndProject
Project("{FAE04EC0-301F-11D3-BF4B-00C04F79EFBC}") = "BlazorFullStack.Client", "BlazorFullStack\Client\BlazorFullStack.Client.csproj", "{643C7888-F4C2-48AA-8F47-AF573A07B668}"
EndProject
Project("{FAE04EC0-301F-11D3-BF4B-00C04F79EFBC}") = "BlazorFullStack.Shared", "BlazorFullStack\Shared\BlazorFullStack.Shared.csproj", "{3691DBCB-31E9-45B1-A804-5EFE1C3C6F88}"
EndProject
Global
	GlobalSection(SolutionConfigurationPlatforms) = preSolution
		Debug|Any CPU = Debug|Any CPU
		Release|Any CPU = Release|Any CPU
	EndGlobalSection
	GlobalSection(ProjectConfigurationPlatforms) = postSolution
		{2DA10186-9B86-4D53-890B-9A0364864BAF}.Debug|Any CPU.ActiveCfg = Debug|Any CPU
		{2DA10186-9B86-4D53-890B-9A0364864BAF}.Debug|Any CPU.Build.0 = Debug|Any CPU
		{2DA10186-9B86-4D53-890B-9A0364864BAF}.Release|Any CPU.ActiveCfg = Release|Any CPU
		{2DA10186-9B86-4D53-890B-9A0364864BAF}.Release|Any CPU.Build.0 = Release|Any CPU
		{643C7888-F4C2-48AA-8F47-AF573A07B668}.Debug|Any CPU.ActiveCfg = Debug|Any CPU
		{643C7888-F4C2-48AA-8F47-AF573A07B668}.Debug|Any CPU.Build.0 = Debug|Any CPU
		{643C7888-F4C2-48AA-8F47-AF573A07B668}.Release|Any CPU.ActiveCfg = Release|Any CPU
		{643C7888-F4C2-48AA-8F47-AF573A07B668}.Release|Any CPU.Build.0 = Release|Any CPU
		{3691DBCB-31E9-45B1-A804-5EFE1C3C6F88}.Debug|Any CPU.ActiveCfg = Debug|Any CPU
		{3691DBCB-31E9-45B1-A804-5EFE1C3C6F88}.Debug|Any CPU.Build.0 = Debug|Any CPU
		{3691DBCB-31E9-45B1-A804-5EFE1C3C6F88}.Release|Any CPU.ActiveCfg = Release|Any CPU
		{3691DBCB-31E9-45B1-A804-5EFE1C3C6F88}.Release|Any CPU.Build.0 = Release|Any CPU
	EndGlobalSection
	GlobalSection(SolutionProperties) = preSolution
		HideSolutionNode = FALSE
	EndGlobalSection
	GlobalSection(ExtensibilityGlobals) = postSolution
		SolutionGuid = {D4974D30-FDDA-433A-9166-4C20EDE0D43A}
	EndGlobalSection
EndGlobal
